
Microsoft Visual Studio Solution File, Format Version 12.00
# Visual Studio 14
VisualStudioVersion = 14.0.25420.1
MinimumVisualStudioVersion = 10.0.40219.1
Project("{FAE04EC0-301F-11D3-BF4B-00C04F79EFBC}") = "VSCreatedRepository", "VSCreatedRepository\VSCreatedRepository.csproj", "{7C392654-65BE-4398-81D1-9FBAD231F2BB}"
EndProject
Project("{FAE04EC0-301F-11D3-BF4B-00C04F79EFBC}") = "VSCreatedRepository.Tests", "VSCreatedRepository.Tests\VSCreatedRepository.Tests.csproj", "{8C4B2947-E520-4BFF-AE79-BA0CAC3C38FE}"
EndProject
Global
	GlobalSection(SolutionConfigurationPlatforms) = preSolution
		Debug|Any CPU = Debug|Any CPU
		Release|Any CPU = Release|Any CPU
	EndGlobalSection
	GlobalSection(ProjectConfigurationPlatforms) = postSolution
		{7C392654-65BE-4398-81D1-9FBAD231F2BB}.Debug|Any CPU.ActiveCfg = Debug|Any CPU
		{7C392654-65BE-4398-81D1-9FBAD231F2BB}.Debug|Any CPU.Build.0 = Debug|Any CPU
		{7C392654-65BE-4398-81D1-9FBAD231F2BB}.Release|Any CPU.ActiveCfg = Release|Any CPU
		{7C392654-65BE-4398-81D1-9FBAD231F2BB}.Release|Any CPU.Build.0 = Release|Any CPU
		{8C4B2947-E520-4BFF-AE79-BA0CAC3C38FE}.Debug|Any CPU.ActiveCfg = Debug|Any CPU
		{8C4B2947-E520-4BFF-AE79-BA0CAC3C38FE}.Debug|Any CPU.Build.0 = Debug|Any CPU
		{8C4B2947-E520-4BFF-AE79-BA0CAC3C38FE}.Release|Any CPU.ActiveCfg = Release|Any CPU
		{8C4B2947-E520-4BFF-AE79-BA0CAC3C38FE}.Release|Any CPU.Build.0 = Release|Any CPU
	EndGlobalSection
	GlobalSection(SolutionProperties) = preSolution
		HideSolutionNode = FALSE
	EndGlobalSection
EndGlobal
